
Microsoft Visual Studio Solution File, Format Version 12.00
# Visual Studio Version 17
VisualStudioVersion = 17.9.34701.34
MinimumVisualStudioVersion = 10.0.40219.1
Project("{9A19103F-16F7-4668-BE54-9A1E7A4F7556}") = "Starchives", "Starchives\Starchives.csproj", "{872B1FEF-9B8A-4473-93B9-9CFB25D189AF}"
EndProject
Project("{E53339B2-1760-4266-BCC7-CA923CBCF16C}") = "docker-compose", "docker-compose.dcproj", "{5267445C-C5C3-446E-ADF0-A4D46579BB06}"
EndProject
Global
	GlobalSection(SolutionConfigurationPlatforms) = preSolution
		Debug|Any CPU = Debug|Any CPU
		Release|Any CPU = Release|Any CPU
	EndGlobalSection
	GlobalSection(ProjectConfigurationPlatforms) = postSolution
		{872B1FEF-9B8A-4473-93B9-9CFB25D189AF}.Debug|Any CPU.ActiveCfg = Debug|Any CPU
		{872B1FEF-9B8A-4473-93B9-9CFB25D189AF}.Debug|Any CPU.Build.0 = Debug|Any CPU
		{872B1FEF-9B8A-4473-93B9-9CFB25D189AF}.Release|Any CPU.ActiveCfg = Release|Any CPU
		{872B1FEF-9B8A-4473-93B9-9CFB25D189AF}.Release|Any CPU.Build.0 = Release|Any CPU
		{5267445C-C5C3-446E-ADF0-A4D46579BB06}.Debug|Any CPU.ActiveCfg = Debug|Any CPU
		{5267445C-C5C3-446E-ADF0-A4D46579BB06}.Debug|Any CPU.Build.0 = Debug|Any CPU
		{5267445C-C5C3-446E-ADF0-A4D46579BB06}.Release|Any CPU.ActiveCfg = Release|Any CPU
		{5267445C-C5C3-446E-ADF0-A4D46579BB06}.Release|Any CPU.Build.0 = Release|Any CPU
	EndGlobalSection
	GlobalSection(SolutionProperties) = preSolution
		HideSolutionNode = FALSE
	EndGlobalSection
	GlobalSection(ExtensibilityGlobals) = postSolution
		SolutionGuid = {60513C95-9AB2-436F-BECC-A9F5802690C1}
	EndGlobalSection
EndGlobal
